<?xml version="1.0" encoding="utf-8"?>
<Project ToolsVersion="4.0" xmlns="http://schemas.microsoft.com/developer/msbuild/2003">
  <ItemGroup>
    <Filter Include="Source Files">
      <UniqueIdentifier>{4FC737F1-C7A5-4376-A066-2A32D752A2FF}</UniqueIdentifier>
      <Extensions>cpp;c;cc;cxx;def;odl;idl;hpj;bat;asm;asmx</Extensions>
    </Filter>
    <Filter Include="Header Files">
      <UniqueIdentifier>{93995380-89BD-4b04-88EB-625FBE52EBFB}</UniqueIdentifier>
      <Extensions>h;hpp;hxx;hm;inl;inc;xsd</Extensions>
    </Filter>
  </ItemGroup>
  <ItemGroup>
    <ClCompile Include="aes.c">
      <Filter>Source Files</Filter>
    </ClCompile>
    <ClCompile Include="b64.c">
      <Filter>Source Files</Filter>
    </ClCompile>
    <ClCompile Include="blowfish.c">
      <Filter>Source Files</Filter>
    </ClCompile>
    <ClCompile Include="crypto.c">
      <Filter>Source Files</Filter>
    </ClCompile>
    <ClCompile Include="cryptstr.c">
      <Filter>Source Files</Filter>
    </ClCompile>
    <ClCompile Include="des_enc.c">
      <Filter>Source Files</Filter>
    </ClCompile>
    <ClCompile Include="deskey.c">
      <Filter>Source Files</Filter>
    </ClCompile>
    <ClCompile Include="md5c.c">
      <Filter>Source Files</Filter>
    </ClCompile>
    <ClCompile Include="ncbc_enc.c">
      <Filter>Source Files</Filter>
    </ClCompile>
    <ClCompile Include="nn.c">
      <Filter>Source Files</Filter>
    </ClCompile>
    <ClCompile Include="prime.c">
      <Filter>Source Files</Filter>
    </ClCompile>
    <ClCompile Include="r_keygen.c">
      <Filter>Source Files</Filter>
    </ClCompile>
    <ClCompile Include="r_random.c">
      <Filter>Source Files</Filter>
    </ClCompile>
    <ClCompile Include="rc4.c">
      <Filter>Source Files</Filter>
    </ClCompile>
    <ClCompile Include="rc6.c">
      <Filter>Source Files</Filter>
    </ClCompile>
    <ClCompile Include="rsa.c">
      <Filter>Source Files</Filter>
    </ClCompile>
    <ClCompile Include="serpent.c">
      <Filter>Source Files</Filter>
    </ClCompile>
    <ClCompile Include="sha1.c">
      <Filter>Source Files</Filter>
    </ClCompile>
    <ClCompile Include="sign.c">
      <Filter>Source Files</Filter>
    </ClCompile>
  </ItemGroup>
  <ItemGroup>
    <ClInclude Include="crypto.h">
      <Filter>Header Files</Filter>
    </ClInclude>
    <ClInclude Include="des.h">
      <Filter>Header Files</Filter>
    </ClInclude>
    <ClInclude Include="des_locl.h">
      <Filter>Header Files</Filter>
    </ClInclude>
    <ClInclude Include="global.h">
      <Filter>Header Files</Filter>
    </ClInclude>
    <ClInclude Include="md5.h">
      <Filter>Header Files</Filter>
    </ClInclude>
    <ClInclude Include="nn.h">
      <Filter>Header Files</Filter>
    </ClInclude>
    <ClInclude Include="r_random.h">
      <Filter>Header Files</Filter>
    </ClInclude>
    <ClInclude Include="rc4.h">
      <Filter>Header Files</Filter>
    </ClInclude>
    <ClInclude Include="rc6.h">
      <Filter>Header Files</Filter>
    </ClInclude>
    <ClInclude Include="rsa.h">
      <Filter>Header Files</Filter>
    </ClInclude>
    <ClInclude Include="rsaref.h">
      <Filter>Header Files</Filter>
    </ClInclude>
    <ClInclude Include="serpent.h">
      <Filter>Header Files</Filter>
    </ClInclude>
    <ClInclude Include="spr.h">
      <Filter>Header Files</Filter>
    </ClInclude>
  </ItemGroup>
  <ItemGroup>
    <Text Include="ReadMe.txt" />
  </ItemGroup>
</Project>